
Microsoft Visual Studio Solution File, Format Version 12.00
# Visual Studio Version 16
VisualStudioVersion = 25.0.1705.2
MinimumVisualStudioVersion = 10.0.40219.1
Project("{FAE04EC0-301F-11D3-BF4B-00C04F79EFBC}") = "AlpineSkiHouse", "AlpineSkiHouse\AlpineSkiHouse.csproj", "{200DDE5C-03A6-4ABB-B8A3-F5B363B2A4D5}"
EndProject
Global
	GlobalSection(SolutionConfigurationPlatforms) = preSolution
		Debug|Any CPU = Debug|Any CPU
		Release|Any CPU = Release|Any CPU
	EndGlobalSection
	GlobalSection(ProjectConfigurationPlatforms) = postSolution
		{200DDE5C-03A6-4ABB-B8A3-F5B363B2A4D5}.Debug|Any CPU.ActiveCfg = Debug|Any CPU
		{200DDE5C-03A6-4ABB-B8A3-F5B363B2A4D5}.Debug|Any CPU.Build.0 = Debug|Any CPU
		{200DDE5C-03A6-4ABB-B8A3-F5B363B2A4D5}.Release|Any CPU.ActiveCfg = Release|Any CPU
		{200DDE5C-03A6-4ABB-B8A3-F5B363B2A4D5}.Release|Any CPU.Build.0 = Release|Any CPU
	EndGlobalSection
	GlobalSection(SolutionProperties) = preSolution
		HideSolutionNode = FALSE
	EndGlobalSection
	GlobalSection(ExtensibilityGlobals) = postSolution
		SolutionGuid = {C82EB826-C397-46A2-B1BF-73E6CA968841}
	EndGlobalSection
EndGlobal
